
Microsoft Visual Studio Solution File, Format Version 12.00
# Visual Studio Version 17
VisualStudioVersion = 17.5.002.0
MinimumVisualStudioVersion = 10.0.40219.1
Project("{9A19103F-16F7-4668-BE54-9A1E7A4F7556}") = "CustomExceptions", "CustomExceptions.csproj", "{C3E800A2-1BD7-4B2E-8C5A-9FC6A5844E6F}"
EndProject
Global
	GlobalSection(SolutionConfigurationPlatforms) = preSolution
		Debug|Any CPU = Debug|Any CPU
		Release|Any CPU = Release|Any CPU
	EndGlobalSection
	GlobalSection(ProjectConfigurationPlatforms) = postSolution
		{C3E800A2-1BD7-4B2E-8C5A-9FC6A5844E6F}.Debug|Any CPU.ActiveCfg = Debug|Any CPU
		{C3E800A2-1BD7-4B2E-8C5A-9FC6A5844E6F}.Debug|Any CPU.Build.0 = Debug|Any CPU
		{C3E800A2-1BD7-4B2E-8C5A-9FC6A5844E6F}.Release|Any CPU.ActiveCfg = Release|Any CPU
		{C3E800A2-1BD7-4B2E-8C5A-9FC6A5844E6F}.Release|Any CPU.Build.0 = Release|Any CPU
	EndGlobalSection
	GlobalSection(SolutionProperties) = preSolution
		HideSolutionNode = FALSE
	EndGlobalSection
	GlobalSection(ExtensibilityGlobals) = postSolution
		SolutionGuid = {A40A4595-601A-44BF-9B23-F8ABA048C97B}
	EndGlobalSection
EndGlobal
