Microsoft Visual Studio Solution File, Format Version 12.00
# Visual Studio Version 17
VisualStudioVersion = 17.5.2.0
MinimumVisualStudioVersion = 10.0.40219.1
Project("{FAE04EC0-301F-11D3-BF4B-00C04F79EFBC}") = "Hello.Api", "Hello.Api\Hello.Api.csproj", "{9CC54B4A-6896-710E-ADE3-308D3E19F1F4}"
EndProject
Project("{FAE04EC0-301F-11D3-BF4B-00C04F79EFBC}") = "Yarp.Proxy", "Yarp.Proxy\Yarp.Proxy.csproj", "{3187BB56-C66D-4FAD-AD4D-745522F2C7E7}"
EndProject
Global
	GlobalSection(SolutionConfigurationPlatforms) = preSolution
		Debug|Any CPU = Debug|Any CPU
		Release|Any CPU = Release|Any CPU
	EndGlobalSection
	GlobalSection(ProjectConfigurationPlatforms) = postSolution
		{9CC54B4A-6896-710E-ADE3-308D3E19F1F4}.Debug|Any CPU.ActiveCfg = Debug|Any CPU
		{9CC54B4A-6896-710E-ADE3-308D3E19F1F4}.Debug|Any CPU.Build.0 = Debug|Any CPU
		{9CC54B4A-6896-710E-ADE3-308D3E19F1F4}.Release|Any CPU.ActiveCfg = Release|Any CPU
		{9CC54B4A-6896-710E-ADE3-308D3E19F1F4}.Release|Any CPU.Build.0 = Release|Any CPU
		{3187BB56-C66D-4FAD-AD4D-745522F2C7E7}.Debug|Any CPU.ActiveCfg = Debug|Any CPU
		{3187BB56-C66D-4FAD-AD4D-745522F2C7E7}.Debug|Any CPU.Build.0 = Debug|Any CPU
		{3187BB56-C66D-4FAD-AD4D-745522F2C7E7}.Release|Any CPU.ActiveCfg = Release|Any CPU
		{3187BB56-C66D-4FAD-AD4D-745522F2C7E7}.Release|Any CPU.Build.0 = Release|Any CPU
	EndGlobalSection
	GlobalSection(SolutionProperties) = preSolution
		HideSolutionNode = FALSE
	EndGlobalSection
	GlobalSection(ExtensibilityGlobals) = postSolution
		SolutionGuid = {60F2E071-1E69-47C1-92DE-FBC1C8AF5DD1}
	EndGlobalSection
EndGlobal
